
Microsoft Visual Studio Solution File, Format Version 12.00
# Visual Studio Version 16
VisualStudioVersion = 16.6.30114.105
MinimumVisualStudioVersion = 10.0.40219.1
Project("{FAE04EC0-301F-11D3-BF4B-00C04F79EFBC}") = "AplicativoWebGestionEmpleo", "AplicativoWebGestionEmpleo\AplicativoWebGestionEmpleo.csproj", "{B48E6179-6B48-407A-B6EB-F205D0480913}"
EndProject
Project("{FAE04EC0-301F-11D3-BF4B-00C04F79EFBC}") = "Datos", "Datos\Datos.csproj", "{97196190-609D-44AE-A190-DEF20891A191}"
EndProject
Project("{FAE04EC0-301F-11D3-BF4B-00C04F79EFBC}") = "Logica", "Logica\Logica.csproj", "{4ADA0D41-D67D-404C-978D-6D58BC6392FC}"
EndProject
Project("{FAE04EC0-301F-11D3-BF4B-00C04F79EFBC}") = "Entidad", "Entidad\Entidad.csproj", "{2CF1270B-4ED4-48F3-AD9D-911C42DDA43C}"
EndProject
Global
	GlobalSection(SolutionConfigurationPlatforms) = preSolution
		Debug|Any CPU = Debug|Any CPU
		Debug|x64 = Debug|x64
		Debug|x86 = Debug|x86
		Release|Any CPU = Release|Any CPU
		Release|x64 = Release|x64
		Release|x86 = Release|x86
	EndGlobalSection
	GlobalSection(SolutionProperties) = preSolution
		HideSolutionNode = FALSE
	EndGlobalSection
	GlobalSection(ProjectConfigurationPlatforms) = postSolution
		{B48E6179-6B48-407A-B6EB-F205D0480913}.Debug|Any CPU.ActiveCfg = Debug|Any CPU
		{B48E6179-6B48-407A-B6EB-F205D0480913}.Debug|Any CPU.Build.0 = Debug|Any CPU
		{B48E6179-6B48-407A-B6EB-F205D0480913}.Debug|x64.ActiveCfg = Debug|Any CPU
		{B48E6179-6B48-407A-B6EB-F205D0480913}.Debug|x64.Build.0 = Debug|Any CPU
		{B48E6179-6B48-407A-B6EB-F205D0480913}.Debug|x86.ActiveCfg = Debug|Any CPU
		{B48E6179-6B48-407A-B6EB-F205D0480913}.Debug|x86.Build.0 = Debug|Any CPU
		{B48E6179-6B48-407A-B6EB-F205D0480913}.Release|Any CPU.ActiveCfg = Release|Any CPU
		{B48E6179-6B48-407A-B6EB-F205D0480913}.Release|Any CPU.Build.0 = Release|Any CPU
		{B48E6179-6B48-407A-B6EB-F205D0480913}.Release|x64.ActiveCfg = Release|Any CPU
		{B48E6179-6B48-407A-B6EB-F205D0480913}.Release|x64.Build.0 = Release|Any CPU
		{B48E6179-6B48-407A-B6EB-F205D0480913}.Release|x86.ActiveCfg = Release|Any CPU
		{B48E6179-6B48-407A-B6EB-F205D0480913}.Release|x86.Build.0 = Release|Any CPU
		{97196190-609D-44AE-A190-DEF20891A191}.Debug|Any CPU.ActiveCfg = Debug|Any CPU
		{97196190-609D-44AE-A190-DEF20891A191}.Debug|Any CPU.Build.0 = Debug|Any CPU
		{97196190-609D-44AE-A190-DEF20891A191}.Debug|x64.ActiveCfg = Debug|Any CPU
		{97196190-609D-44AE-A190-DEF20891A191}.Debug|x64.Build.0 = Debug|Any CPU
		{97196190-609D-44AE-A190-DEF20891A191}.Debug|x86.ActiveCfg = Debug|Any CPU
		{97196190-609D-44AE-A190-DEF20891A191}.Debug|x86.Build.0 = Debug|Any CPU
		{97196190-609D-44AE-A190-DEF20891A191}.Release|Any CPU.ActiveCfg = Release|Any CPU
		{97196190-609D-44AE-A190-DEF20891A191}.Release|Any CPU.Build.0 = Release|Any CPU
		{97196190-609D-44AE-A190-DEF20891A191}.Release|x64.ActiveCfg = Release|Any CPU
		{97196190-609D-44AE-A190-DEF20891A191}.Release|x64.Build.0 = Release|Any CPU
		{97196190-609D-44AE-A190-DEF20891A191}.Release|x86.ActiveCfg = Release|Any CPU
		{97196190-609D-44AE-A190-DEF20891A191}.Release|x86.Build.0 = Release|Any CPU
		{4ADA0D41-D67D-404C-978D-6D58BC6392FC}.Debug|Any CPU.ActiveCfg = Debug|Any CPU
		{4ADA0D41-D67D-404C-978D-6D58BC6392FC}.Debug|Any CPU.Build.0 = Debug|Any CPU
		{4ADA0D41-D67D-404C-978D-6D58BC6392FC}.Debug|x64.ActiveCfg = Debug|Any CPU
		{4ADA0D41-D67D-404C-978D-6D58BC6392FC}.Debug|x64.Build.0 = Debug|Any CPU
		{4ADA0D41-D67D-404C-978D-6D58BC6392FC}.Debug|x86.ActiveCfg = Debug|Any CPU
		{4ADA0D41-D67D-404C-978D-6D58BC6392FC}.Debug|x86.Build.0 = Debug|Any CPU
		{4ADA0D41-D67D-404C-978D-6D58BC6392FC}.Release|Any CPU.ActiveCfg = Release|Any CPU
		{4ADA0D41-D67D-404C-978D-6D58BC6392FC}.Release|Any CPU.Build.0 = Release|Any CPU
		{4ADA0D41-D67D-404C-978D-6D58BC6392FC}.Release|x64.ActiveCfg = Release|Any CPU
		{4ADA0D41-D67D-404C-978D-6D58BC6392FC}.Release|x64.Build.0 = Release|Any CPU
		{4ADA0D41-D67D-404C-978D-6D58BC6392FC}.Release|x86.ActiveCfg = Release|Any CPU
		{4ADA0D41-D67D-404C-978D-6D58BC6392FC}.Release|x86.Build.0 = Release|Any CPU
		{2CF1270B-4ED4-48F3-AD9D-911C42DDA43C}.Debug|Any CPU.ActiveCfg = Debug|Any CPU
		{2CF1270B-4ED4-48F3-AD9D-911C42DDA43C}.Debug|Any CPU.Build.0 = Debug|Any CPU
		{2CF1270B-4ED4-48F3-AD9D-911C42DDA43C}.Debug|x64.ActiveCfg = Debug|Any CPU
		{2CF1270B-4ED4-48F3-AD9D-911C42DDA43C}.Debug|x64.Build.0 = Debug|Any CPU
		{2CF1270B-4ED4-48F3-AD9D-911C42DDA43C}.Debug|x86.ActiveCfg = Debug|Any CPU
		{2CF1270B-4ED4-48F3-AD9D-911C42DDA43C}.Debug|x86.Build.0 = Debug|Any CPU
		{2CF1270B-4ED4-48F3-AD9D-911C42DDA43C}.Release|Any CPU.ActiveCfg = Release|Any CPU
		{2CF1270B-4ED4-48F3-AD9D-911C42DDA43C}.Release|Any CPU.Build.0 = Release|Any CPU
		{2CF1270B-4ED4-48F3-AD9D-911C42DDA43C}.Release|x64.ActiveCfg = Release|Any CPU
		{2CF1270B-4ED4-48F3-AD9D-911C42DDA43C}.Release|x64.Build.0 = Release|Any CPU
		{2CF1270B-4ED4-48F3-AD9D-911C42DDA43C}.Release|x86.ActiveCfg = Release|Any CPU
		{2CF1270B-4ED4-48F3-AD9D-911C42DDA43C}.Release|x86.Build.0 = Release|Any CPU
	EndGlobalSection
EndGlobal
