{
  "requires": true,
  "lockfileVersion": 1,
  "dependencies": {
    "@sweetalert2/ngx-sweetalert2": {
      "version": "10.0.0",
      "resolved": "https://registry.npmjs.org/@sweetalert2/ngx-sweetalert2/-/ngx-sweetalert2-10.0.0.tgz",
      "integrity": "sha512-PyqrlgWioN+mVd9FtZDM0cMKMV7jfD1T5Klic0F+znQN0OZypYsx5F4KRh+P+eDr+eLAR4m2LOgS5CpAgdlWEQ==",
      "requires": {
        "tslib": "^2.0.0"
      }
    },
    "sweetalert2": {
      "version": "11.0.7",
      "resolved": "https://registry.npmjs.org/sweetalert2/-/sweetalert2-11.0.7.tgz",
      "integrity": "sha512-nOIcZIRwBkL7awNSwIcB+ZEEKeB1QCpvQkuHgsJ+RxiM/f2wuYnCSQgENESMUs9sQAds7NdtcDLwIP4Qa1kinw=="
    },
    "tslib": {
      "version": "2.2.0",
      "resolved": "https://registry.npmjs.org/tslib/-/tslib-2.2.0.tgz",
      "integrity": "sha512-gS9GVHRU+RGn5KQM2rllAlR3dU6m7AcpJKdtH8gFvQiC4Otgk98XnmMU+nZenHt/+VhnBPWwgrJsyrdcw6i23w=="
    }
  }
}
